{
  "name": "endian-and-crc",
  "version": "0.0.1",
  "lockfileVersion": 1,
  "requires": true,
  "dependencies": {
    "crc": {
      "version": "3.5.0",
      "resolved": "http://registry.npm.taobao.org/crc/download/crc-3.5.0.tgz",
      "integrity": "sha1-mLi6fUiWZbo5efWbITgTdBAaGWQ="
    },
    "crc16": {
      "version": "1.0.0",
      "resolved": "http://registry.npm.taobao.org/crc16/download/crc16-1.0.0.tgz",
      "integrity": "sha1-GGPYPuKij78rL/yIJPEeDOSj3I4="
    }
  }
}
